
Microsoft Visual Studio Solution File, Format Version 12.00
# Visual Studio Version 16
VisualStudioVersion = 16.0.30907.101
MinimumVisualStudioVersion = 10.0.40219.1
Project("{FAE04EC0-301F-11D3-BF4B-00C04F79EFBC}") = "LR1", "LR1\LR1.csproj", "{44ED1EE6-7F6B-4589-AB5D-00C25CF978FF}"
EndProject
Global
	GlobalSection(SolutionConfigurationPlatforms) = preSolution
		Debug|Any CPU = Debug|Any CPU
		Release|Any CPU = Release|Any CPU
	EndGlobalSection
	GlobalSection(ProjectConfigurationPlatforms) = postSolution
		{44ED1EE6-7F6B-4589-AB5D-00C25CF978FF}.Debug|Any CPU.ActiveCfg = Debug|Any CPU
		{44ED1EE6-7F6B-4589-AB5D-00C25CF978FF}.Debug|Any CPU.Build.0 = Debug|Any CPU
		{44ED1EE6-7F6B-4589-AB5D-00C25CF978FF}.Release|Any CPU.ActiveCfg = Release|Any CPU
		{44ED1EE6-7F6B-4589-AB5D-00C25CF978FF}.Release|Any CPU.Build.0 = Release|Any CPU
	EndGlobalSection
	GlobalSection(SolutionProperties) = preSolution
		HideSolutionNode = FALSE
	EndGlobalSection
	GlobalSection(ExtensibilityGlobals) = postSolution
		SolutionGuid = {3A1CDC95-3BB3-4AF7-B64B-C1C7C857B0B7}
	EndGlobalSection
EndGlobal
